
Microsoft Visual Studio Solution File, Format Version 12.00
# Visual Studio Version 17
VisualStudioVersion = 17.1.32210.238
MinimumVisualStudioVersion = 10.0.40219.1
Project("{2150E333-8FDC-42A3-9474-1A3956D46DE8}") = "1.(Entities)EnterpriseBusinesRules", "1.(Entities)EnterpriseBusinesRules", "{A1B9F7E7-EFA2-4AE2-B852-5798F819100F}"
EndProject
Project("{2150E333-8FDC-42A3-9474-1A3956D46DE8}") = "2.(UseCase) ApplicationBussinesRules", "2.(UseCase) ApplicationBussinesRules", "{67FFE18D-F04C-4450-BF59-A49CC24F9969}"
EndProject
Project("{2150E333-8FDC-42A3-9474-1A3956D46DE8}") = "3.(Controller) InterfaceAdapters", "3.(Controller) InterfaceAdapters", "{03E1A691-FF75-4C43-8152-6BF25A822AF4}"
EndProject
Project("{2150E333-8FDC-42A3-9474-1A3956D46DE8}") = "Gateways", "Gateways", "{9EB2FFC4-FEF9-401C-BA88-72414E257D8C}"
EndProject
Project("{2150E333-8FDC-42A3-9474-1A3956D46DE8}") = "4.(Web) FrameworksAndDrivers", "4.(Web) FrameworksAndDrivers", "{E165EE14-9755-42B3-9FFF-77A072826F7F}"
EndProject
Project("{2150E333-8FDC-42A3-9474-1A3956D46DE8}") = "Controllers", "Controllers", "{4F87706A-53AF-4CAF-B7AA-19F0D5F91324}"
EndProject
Project("{2150E333-8FDC-42A3-9474-1A3956D46DE8}") = "Presenters", "Presenters", "{51E19C67-0DD9-4BD2-8697-052BA96596B9}"
EndProject
Project("{2150E333-8FDC-42A3-9474-1A3956D46DE8}") = "Solution Items", "Solution Items", "{46072727-3D9D-47E8-B66D-1799C2A197BC}"
	ProjectSection(SolutionItems) = preProject
		.editorconfig = .editorconfig
	EndProjectSection
EndProject
Project("{9A19103F-16F7-4668-BE54-9A1E7A4F7556}") = "NEWSHORE.Entities", "NEWSHORE.Entities\NEWSHORE.Entities.csproj", "{D7FB0E98-5272-429D-BF00-9516587EAD05}"
EndProject
Project("{9A19103F-16F7-4668-BE54-9A1E7A4F7556}") = "NEWSHORE.DTOs", "NEWSHORE.DTOs\NEWSHORE.DTOs.csproj", "{4A355751-062C-4F75-97CC-7C750B7F259E}"
EndProject
Project("{9A19103F-16F7-4668-BE54-9A1E7A4F7556}") = "NEWSHORE.UseCases", "NEWSHORE.UseCases\NEWSHORE.UseCases.csproj", "{05DA1544-3B71-4EAF-B80B-3F15D291C3A7}"
EndProject
Project("{9A19103F-16F7-4668-BE54-9A1E7A4F7556}") = "NEWSHORE.UseCasesPorts", "NEWSHORE.UseCasesPorts\NEWSHORE.UseCasesPorts.csproj", "{EAD6B6AA-4248-428B-9D37-2BC46351F806}"
EndProject
Project("{9A19103F-16F7-4668-BE54-9A1E7A4F7556}") = "NEWSHORE.Controllers", "NEWSHORE.Controllers\NEWSHORE.Controllers.csproj", "{4809D9B9-EA07-4BDE-A964-649B2C30CC97}"
EndProject
Project("{9A19103F-16F7-4668-BE54-9A1E7A4F7556}") = "NEWSHORE.IoC", "NEWSHORE.IoC\NEWSHORE.IoC.csproj", "{C6A5A8BB-6F10-4E0B-B4BC-A5ADAAA886DB}"
EndProject
Project("{9A19103F-16F7-4668-BE54-9A1E7A4F7556}") = "NEWSHORE.RepositoryEF", "NEWSHORE.RepositoryEF\NEWSHORE.RepositoryEF.csproj", "{2F7A3404-4C38-49A4-AAA6-587A237EBDCF}"
EndProject
Project("{9A19103F-16F7-4668-BE54-9A1E7A4F7556}") = "NEWSHORE.Presenter", "NEWSHORE.Presenter\NEWSHORE.Presenter.csproj", "{C3E7ED70-97F9-44F6-9B9B-D36BDF9CDE12}"
EndProject
Project("{9A19103F-16F7-4668-BE54-9A1E7A4F7556}") = "NEWSHORE.API", "NEWSHORE.API\NEWSHORE.API.csproj", "{664D304E-C49F-4438-9CB2-C1407CFFB152}"
EndProject
Global
	GlobalSection(SolutionConfigurationPlatforms) = preSolution
		Debug|Any CPU = Debug|Any CPU
		Release|Any CPU = Release|Any CPU
	EndGlobalSection
	GlobalSection(ProjectConfigurationPlatforms) = postSolution
		{D7FB0E98-5272-429D-BF00-9516587EAD05}.Debug|Any CPU.ActiveCfg = Debug|Any CPU
		{D7FB0E98-5272-429D-BF00-9516587EAD05}.Debug|Any CPU.Build.0 = Debug|Any CPU
		{D7FB0E98-5272-429D-BF00-9516587EAD05}.Release|Any CPU.ActiveCfg = Release|Any CPU
		{D7FB0E98-5272-429D-BF00-9516587EAD05}.Release|Any CPU.Build.0 = Release|Any CPU
		{4A355751-062C-4F75-97CC-7C750B7F259E}.Debug|Any CPU.ActiveCfg = Debug|Any CPU
		{4A355751-062C-4F75-97CC-7C750B7F259E}.Debug|Any CPU.Build.0 = Debug|Any CPU
		{4A355751-062C-4F75-97CC-7C750B7F259E}.Release|Any CPU.ActiveCfg = Release|Any CPU
		{4A355751-062C-4F75-97CC-7C750B7F259E}.Release|Any CPU.Build.0 = Release|Any CPU
		{05DA1544-3B71-4EAF-B80B-3F15D291C3A7}.Debug|Any CPU.ActiveCfg = Debug|Any CPU
		{05DA1544-3B71-4EAF-B80B-3F15D291C3A7}.Debug|Any CPU.Build.0 = Debug|Any CPU
		{05DA1544-3B71-4EAF-B80B-3F15D291C3A7}.Release|Any CPU.ActiveCfg = Release|Any CPU
		{05DA1544-3B71-4EAF-B80B-3F15D291C3A7}.Release|Any CPU.Build.0 = Release|Any CPU
		{EAD6B6AA-4248-428B-9D37-2BC46351F806}.Debug|Any CPU.ActiveCfg = Debug|Any CPU
		{EAD6B6AA-4248-428B-9D37-2BC46351F806}.Debug|Any CPU.Build.0 = Debug|Any CPU
		{EAD6B6AA-4248-428B-9D37-2BC46351F806}.Release|Any CPU.ActiveCfg = Release|Any CPU
		{EAD6B6AA-4248-428B-9D37-2BC46351F806}.Release|Any CPU.Build.0 = Release|Any CPU
		{4809D9B9-EA07-4BDE-A964-649B2C30CC97}.Debug|Any CPU.ActiveCfg = Debug|Any CPU
		{4809D9B9-EA07-4BDE-A964-649B2C30CC97}.Debug|Any CPU.Build.0 = Debug|Any CPU
		{4809D9B9-EA07-4BDE-A964-649B2C30CC97}.Release|Any CPU.ActiveCfg = Release|Any CPU
		{4809D9B9-EA07-4BDE-A964-649B2C30CC97}.Release|Any CPU.Build.0 = Release|Any CPU
		{C6A5A8BB-6F10-4E0B-B4BC-A5ADAAA886DB}.Debug|Any CPU.ActiveCfg = Debug|Any CPU
		{C6A5A8BB-6F10-4E0B-B4BC-A5ADAAA886DB}.Debug|Any CPU.Build.0 = Debug|Any CPU
		{C6A5A8BB-6F10-4E0B-B4BC-A5ADAAA886DB}.Release|Any CPU.ActiveCfg = Release|Any CPU
		{C6A5A8BB-6F10-4E0B-B4BC-A5ADAAA886DB}.Release|Any CPU.Build.0 = Release|Any CPU
		{2F7A3404-4C38-49A4-AAA6-587A237EBDCF}.Debug|Any CPU.ActiveCfg = Debug|Any CPU
		{2F7A3404-4C38-49A4-AAA6-587A237EBDCF}.Debug|Any CPU.Build.0 = Debug|Any CPU
		{2F7A3404-4C38-49A4-AAA6-587A237EBDCF}.Release|Any CPU.ActiveCfg = Release|Any CPU
		{2F7A3404-4C38-49A4-AAA6-587A237EBDCF}.Release|Any CPU.Build.0 = Release|Any CPU
		{C3E7ED70-97F9-44F6-9B9B-D36BDF9CDE12}.Debug|Any CPU.ActiveCfg = Debug|Any CPU
		{C3E7ED70-97F9-44F6-9B9B-D36BDF9CDE12}.Debug|Any CPU.Build.0 = Debug|Any CPU
		{C3E7ED70-97F9-44F6-9B9B-D36BDF9CDE12}.Release|Any CPU.ActiveCfg = Release|Any CPU
		{C3E7ED70-97F9-44F6-9B9B-D36BDF9CDE12}.Release|Any CPU.Build.0 = Release|Any CPU
		{664D304E-C49F-4438-9CB2-C1407CFFB152}.Debug|Any CPU.ActiveCfg = Debug|Any CPU
		{664D304E-C49F-4438-9CB2-C1407CFFB152}.Debug|Any CPU.Build.0 = Debug|Any CPU
		{664D304E-C49F-4438-9CB2-C1407CFFB152}.Release|Any CPU.ActiveCfg = Release|Any CPU
		{664D304E-C49F-4438-9CB2-C1407CFFB152}.Release|Any CPU.Build.0 = Release|Any CPU
	EndGlobalSection
	GlobalSection(SolutionProperties) = preSolution
		HideSolutionNode = FALSE
	EndGlobalSection
	GlobalSection(NestedProjects) = preSolution
		{9EB2FFC4-FEF9-401C-BA88-72414E257D8C} = {03E1A691-FF75-4C43-8152-6BF25A822AF4}
		{4F87706A-53AF-4CAF-B7AA-19F0D5F91324} = {03E1A691-FF75-4C43-8152-6BF25A822AF4}
		{51E19C67-0DD9-4BD2-8697-052BA96596B9} = {03E1A691-FF75-4C43-8152-6BF25A822AF4}
		{D7FB0E98-5272-429D-BF00-9516587EAD05} = {A1B9F7E7-EFA2-4AE2-B852-5798F819100F}
		{4A355751-062C-4F75-97CC-7C750B7F259E} = {67FFE18D-F04C-4450-BF59-A49CC24F9969}
		{05DA1544-3B71-4EAF-B80B-3F15D291C3A7} = {67FFE18D-F04C-4450-BF59-A49CC24F9969}
		{EAD6B6AA-4248-428B-9D37-2BC46351F806} = {67FFE18D-F04C-4450-BF59-A49CC24F9969}
		{4809D9B9-EA07-4BDE-A964-649B2C30CC97} = {4F87706A-53AF-4CAF-B7AA-19F0D5F91324}
		{C6A5A8BB-6F10-4E0B-B4BC-A5ADAAA886DB} = {9EB2FFC4-FEF9-401C-BA88-72414E257D8C}
		{2F7A3404-4C38-49A4-AAA6-587A237EBDCF} = {9EB2FFC4-FEF9-401C-BA88-72414E257D8C}
		{C3E7ED70-97F9-44F6-9B9B-D36BDF9CDE12} = {51E19C67-0DD9-4BD2-8697-052BA96596B9}
		{664D304E-C49F-4438-9CB2-C1407CFFB152} = {E165EE14-9755-42B3-9FFF-77A072826F7F}
	EndGlobalSection
	GlobalSection(ExtensibilityGlobals) = postSolution
		SolutionGuid = {65428CD5-5D8D-4FBB-B101-FE1917E941EF}
	EndGlobalSection
EndGlobal
